
Microsoft Visual Studio Solution File, Format Version 12.00
# Visual Studio Version 16
VisualStudioVersion = 16.0.30128.74
MinimumVisualStudioVersion = 10.0.40219.1
Project("{FAE04EC0-301F-11D3-BF4B-00C04F79EFBC}") = "CourseManageUI", "CourseManageUI\CourseManageUI.csproj", "{389D6B14-9EE7-45E9-AD4F-516427CAF8E3}"
EndProject
Project("{FAE04EC0-301F-11D3-BF4B-00C04F79EFBC}") = "CourseManageModels", "CourseManageModels\CourseManageModels.csproj", "{C3EBE8D7-9A22-4D3F-8633-496DAE95EF0F}"
EndProject
Project("{FAE04EC0-301F-11D3-BF4B-00C04F79EFBC}") = "CourseManageDAL", "CourseManageDAL\CourseManageDAL.csproj", "{96EA5C59-B538-4024-A35B-79548348F80C}"
EndProject
Project("{FAE04EC0-301F-11D3-BF4B-00C04F79EFBC}") = "CourseManageBLL", "CourseManageBLL\CourseManageBLL.csproj", "{2568890D-143F-4CE5-A26D-E3E2E59D225B}"
EndProject
Global
	GlobalSection(SolutionConfigurationPlatforms) = preSolution
		Debug|Any CPU = Debug|Any CPU
		Release|Any CPU = Release|Any CPU
	EndGlobalSection
	GlobalSection(ProjectConfigurationPlatforms) = postSolution
		{389D6B14-9EE7-45E9-AD4F-516427CAF8E3}.Debug|Any CPU.ActiveCfg = Debug|Any CPU
		{389D6B14-9EE7-45E9-AD4F-516427CAF8E3}.Debug|Any CPU.Build.0 = Debug|Any CPU
		{389D6B14-9EE7-45E9-AD4F-516427CAF8E3}.Release|Any CPU.ActiveCfg = Release|Any CPU
		{389D6B14-9EE7-45E9-AD4F-516427CAF8E3}.Release|Any CPU.Build.0 = Release|Any CPU
		{C3EBE8D7-9A22-4D3F-8633-496DAE95EF0F}.Debug|Any CPU.ActiveCfg = Debug|Any CPU
		{C3EBE8D7-9A22-4D3F-8633-496DAE95EF0F}.Debug|Any CPU.Build.0 = Debug|Any CPU
		{C3EBE8D7-9A22-4D3F-8633-496DAE95EF0F}.Release|Any CPU.ActiveCfg = Release|Any CPU
		{C3EBE8D7-9A22-4D3F-8633-496DAE95EF0F}.Release|Any CPU.Build.0 = Release|Any CPU
		{96EA5C59-B538-4024-A35B-79548348F80C}.Debug|Any CPU.ActiveCfg = Debug|Any CPU
		{96EA5C59-B538-4024-A35B-79548348F80C}.Debug|Any CPU.Build.0 = Debug|Any CPU
		{96EA5C59-B538-4024-A35B-79548348F80C}.Release|Any CPU.ActiveCfg = Release|Any CPU
		{96EA5C59-B538-4024-A35B-79548348F80C}.Release|Any CPU.Build.0 = Release|Any CPU
		{2568890D-143F-4CE5-A26D-E3E2E59D225B}.Debug|Any CPU.ActiveCfg = Debug|Any CPU
		{2568890D-143F-4CE5-A26D-E3E2E59D225B}.Debug|Any CPU.Build.0 = Debug|Any CPU
		{2568890D-143F-4CE5-A26D-E3E2E59D225B}.Release|Any CPU.ActiveCfg = Release|Any CPU
		{2568890D-143F-4CE5-A26D-E3E2E59D225B}.Release|Any CPU.Build.0 = Release|Any CPU
	EndGlobalSection
	GlobalSection(SolutionProperties) = preSolution
		HideSolutionNode = FALSE
	EndGlobalSection
	GlobalSection(ExtensibilityGlobals) = postSolution
		SolutionGuid = {BEA0738C-AFEC-4C2C-A048-E9D067FD8269}
	EndGlobalSection
EndGlobal
